
Microsoft Visual Studio Solution File, Format Version 12.00
# Visual Studio Version 16
VisualStudioVersion = 16.0.30309.148
MinimumVisualStudioVersion = 10.0.40219.1
Project("{FAE04EC0-301F-11D3-BF4B-00C04F79EFBC}") = "whnXX", "whnXX.csproj", "{9FAAD2A6-DE8C-4A9A-BAD9-9FF5BA6EDCD8}"
EndProject
Global
	GlobalSection(SolutionConfigurationPlatforms) = preSolution
		Debug|Any CPU = Debug|Any CPU
		Release|Any CPU = Release|Any CPU
	EndGlobalSection
	GlobalSection(ProjectConfigurationPlatforms) = postSolution
		{9FAAD2A6-DE8C-4A9A-BAD9-9FF5BA6EDCD8}.Debug|Any CPU.ActiveCfg = Debug|Any CPU
		{9FAAD2A6-DE8C-4A9A-BAD9-9FF5BA6EDCD8}.Debug|Any CPU.Build.0 = Debug|Any CPU
		{9FAAD2A6-DE8C-4A9A-BAD9-9FF5BA6EDCD8}.Release|Any CPU.ActiveCfg = Release|Any CPU
		{9FAAD2A6-DE8C-4A9A-BAD9-9FF5BA6EDCD8}.Release|Any CPU.Build.0 = Release|Any CPU
	EndGlobalSection
	GlobalSection(SolutionProperties) = preSolution
		HideSolutionNode = FALSE
	EndGlobalSection
	GlobalSection(ExtensibilityGlobals) = postSolution
		SolutionGuid = {59A9740E-1EA1-4886-9F0B-713CDA6933DF}
	EndGlobalSection
EndGlobal
